
Microsoft Visual Studio Solution File, Format Version 12.00
# Visual Studio Version 16
VisualStudioVersion = 16.0.30711.63
MinimumVisualStudioVersion = 10.0.40219.1
Project("{FAE04EC0-301F-11D3-BF4B-00C04F79EFBC}") = "TestTask.WEB", "TestTask.WEB\TestTask.WEB.csproj", "{F76E1694-C21D-41E7-91D2-C90E323FC462}"
EndProject
Global
	GlobalSection(SolutionConfigurationPlatforms) = preSolution
		Debug|Any CPU = Debug|Any CPU
		Release|Any CPU = Release|Any CPU
	EndGlobalSection
	GlobalSection(ProjectConfigurationPlatforms) = postSolution
		{F76E1694-C21D-41E7-91D2-C90E323FC462}.Debug|Any CPU.ActiveCfg = Debug|Any CPU
		{F76E1694-C21D-41E7-91D2-C90E323FC462}.Debug|Any CPU.Build.0 = Debug|Any CPU
		{F76E1694-C21D-41E7-91D2-C90E323FC462}.Release|Any CPU.ActiveCfg = Release|Any CPU
		{F76E1694-C21D-41E7-91D2-C90E323FC462}.Release|Any CPU.Build.0 = Release|Any CPU
	EndGlobalSection
	GlobalSection(SolutionProperties) = preSolution
		HideSolutionNode = FALSE
	EndGlobalSection
	GlobalSection(ExtensibilityGlobals) = postSolution
		SolutionGuid = {0D4428EF-B68F-40E3-8D1D-2208EFAB5190}
	EndGlobalSection
EndGlobal
